
Microsoft Visual Studio Solution File, Format Version 12.00
# Visual Studio Version 16
VisualStudioVersion = 16.0.29613.14
MinimumVisualStudioVersion = 10.0.40219.1
Project("{FAE04EC0-301F-11D3-BF4B-00C04F79EFBC}") = "NET Core Test Project", "NET Core Test Project\NET Core Test Project.csproj", "{B549B7BC-EEB5-42BE-BA2D-07EE17C02E31}"
EndProject
Global
	GlobalSection(SolutionConfigurationPlatforms) = preSolution
		Debug|Any CPU = Debug|Any CPU
		Release|Any CPU = Release|Any CPU
	EndGlobalSection
	GlobalSection(ProjectConfigurationPlatforms) = postSolution
		{B549B7BC-EEB5-42BE-BA2D-07EE17C02E31}.Debug|Any CPU.ActiveCfg = Debug|Any CPU
		{B549B7BC-EEB5-42BE-BA2D-07EE17C02E31}.Debug|Any CPU.Build.0 = Debug|Any CPU
		{B549B7BC-EEB5-42BE-BA2D-07EE17C02E31}.Release|Any CPU.ActiveCfg = Release|Any CPU
		{B549B7BC-EEB5-42BE-BA2D-07EE17C02E31}.Release|Any CPU.Build.0 = Release|Any CPU
	EndGlobalSection
	GlobalSection(SolutionProperties) = preSolution
		HideSolutionNode = FALSE
	EndGlobalSection
	GlobalSection(ExtensibilityGlobals) = postSolution
		SolutionGuid = {E42A2293-7F4B-484A-B7CD-66EE8264C781}
	EndGlobalSection
EndGlobal
